// !$*UTF8*$!
{
	archiveVersion = 1;
	classes = {
	};
	objectVersion = 70;
	objects = {

/* Begin PBXBuildFile section */
		7178C8812E0C5AF3005C4571 /* RobotoMono-VariableFont_wght.ttf in Resources */ = {isa = PBXBuildFile; fileRef = 7178C87F2E0C5AF3005C4571 /* RobotoMono-VariableFont_wght.ttf */; };
		7178C8902E0C5AF3005C4571 /* RobotoMono-Italic-VariableFont_wght.ttf in Resources */ = {isa = PBXBuildFile; fileRef = 7178C87E2E0C5AF3005C4571 /* RobotoMono-Italic-VariableFont_wght.ttf */; };
		71D5EE092B8D407D004DE667 /* UIDemoApp.swift in Sources */ = {isa = PBXBuildFile; fileRef = 71D5EE082B8D407D004DE667 /* UIDemoApp.swift */; };
		71D5EE0B2B8D407D004DE667 /* ContentView.swift in Sources */ = {isa = PBXBuildFile; fileRef = 71D5EE0A2B8D407D004DE667 /* ContentView.swift */; };
		71D5EE0D2B8D4081004DE667 /* Assets.xcassets in Resources */ = {isa = PBXBuildFile; fileRef = 71D5EE0C2B8D4081004DE667 /* Assets.xcassets */; };
		71D5EE102B8D4081004DE667 /* Preview Assets.xcassets in Resources */ = {isa = PBXBuildFile; fileRef = 71D5EE0F2B8D4081004DE667 /* Preview Assets.xcassets */; };
		71E7CD2D2DE7AFD20075C883 /* ModularUILibrary in Frameworks */ = {isa = PBXBuildFile; productRef = 71E7CD2C2DE7AFD20075C883 /* ModularUILibrary */; };
		71E7CD2F2DEA13C10075C883 /* LandingView.swift in Sources */ = {isa = PBXBuildFile; fileRef = 71E7CD2E2DEA13C10075C883 /* LandingView.swift */; };
		71E7CD312DEA15CC0075C883 /* Constants.swift in Sources */ = {isa = PBXBuildFile; fileRef = 71E7CD302DEA15CC0075C883 /* Constants.swift */; };
		71E7CD342DEA16C90075C883 /* recipesGood.json in Resources */ = {isa = PBXBuildFile; fileRef = 71E7CD332DEA16C90075C883 /* recipesGood.json */; };
		71E7CD362DEA16EC0075C883 /* recipesEmpty.json in Resources */ = {isa = PBXBuildFile; fileRef = 71E7CD352DEA16EC0075C883 /* recipesEmpty.json */; };
		71E7CD382DEA17060075C883 /* recipesMalformed.json in Resources */ = {isa = PBXBuildFile; fileRef = 71E7CD372DEA17060075C883 /* recipesMalformed.json */; };
		71E7CD3E2DEA70EB0075C883 /* NetworkService.swift in Sources */ = {isa = PBXBuildFile; fileRef = 71E7CD3D2DEA70EB0075C883 /* NetworkService.swift */; };
		71E7CD7A2DFBA5740075C883 /* Modifiers.swift in Sources */ = {isa = PBXBuildFile; fileRef = 71E7CD792DFBA5740075C883 /* Modifiers.swift */; };
		71E7CD7C2DFBA5C00075C883 /* CustomErrors.swift in Sources */ = {isa = PBXBuildFile; fileRef = 71E7CD7B2DFBA5C00075C883 /* CustomErrors.swift */; };
/* End PBXBuildFile section */

/* Begin PBXFileReference section */
		7178C87E2E0C5AF3005C4571 /* RobotoMono-Italic-VariableFont_wght.ttf */ = {isa = PBXFileReference; lastKnownFileType = file; path = "RobotoMono-Italic-VariableFont_wght.ttf"; sourceTree = "<group>"; };
		7178C87F2E0C5AF3005C4571 /* RobotoMono-VariableFont_wght.ttf */ = {isa = PBXFileReference; lastKnownFileType = file; path = "RobotoMono-VariableFont_wght.ttf"; sourceTree = "<group>"; };
		7178C8932E0C5F80005C4571 /* Info.plist */ = {isa = PBXFileReference; lastKnownFileType = text.plist.xml; path = Info.plist; sourceTree = "<group>"; };
		71D5EE052B8D407D004DE667 /* UIDemo.app */ = {isa = PBXFileReference; explicitFileType = wrapper.application; includeInIndex = 0; path = UIDemo.app; sourceTree = BUILT_PRODUCTS_DIR; };
		71D5EE082B8D407D004DE667 /* UIDemoApp.swift */ = {isa = PBXFileReference; lastKnownFileType = sourcecode.swift; path = UIDemoApp.swift; sourceTree = "<group>"; };
		71D5EE0A2B8D407D004DE667 /* ContentView.swift */ = {isa = PBXFileReference; lastKnownFileType = sourcecode.swift; path = ContentView.swift; sourceTree = "<group>"; };
		71D5EE0C2B8D4081004DE667 /* Assets.xcassets */ = {isa = PBXFileReference; lastKnownFileType = folder.assetcatalog; path = Assets.xcassets; sourceTree = "<group>"; };
		71D5EE0F2B8D4081004DE667 /* Preview Assets.xcassets */ = {isa = PBXFileReference; lastKnownFileType = folder.assetcatalog; path = "Preview Assets.xcassets"; sourceTree = "<group>"; };
		71E7CD2E2DEA13C10075C883 /* LandingView.swift */ = {isa = PBXFileReference; lastKnownFileType = sourcecode.swift; path = LandingView.swift; sourceTree = "<group>"; };
		71E7CD302DEA15CC0075C883 /* Constants.swift */ = {isa = PBXFileReference; lastKnownFileType = sourcecode.swift; path = Constants.swift; sourceTree = "<group>"; };
		71E7CD332DEA16C90075C883 /* recipesGood.json */ = {isa = PBXFileReference; lastKnownFileType = text.json; path = recipesGood.json; sourceTree = "<group>"; };
		71E7CD352DEA16EC0075C883 /* recipesEmpty.json */ = {isa = PBXFileReference; lastKnownFileType = text.json; path = recipesEmpty.json; sourceTree = "<group>"; };
		71E7CD372DEA17060075C883 /* recipesMalformed.json */ = {isa = PBXFileReference; lastKnownFileType = text.json; path = recipesMalformed.json; sourceTree = "<group>"; };
		71E7CD3D2DEA70EB0075C883 /* NetworkService.swift */ = {isa = PBXFileReference; lastKnownFileType = sourcecode.swift; path = NetworkService.swift; sourceTree = "<group>"; };
		71E7CD792DFBA5740075C883 /* Modifiers.swift */ = {isa = PBXFileReference; lastKnownFileType = sourcecode.swift; path = Modifiers.swift; sourceTree = "<group>"; };
		71E7CD7B2DFBA5C00075C883 /* CustomErrors.swift */ = {isa = PBXFileReference; lastKnownFileType = sourcecode.swift; path = CustomErrors.swift; sourceTree = "<group>"; };
/* End PBXFileReference section */

/* Begin PBXFileSystemSynchronizedRootGroup section */
		7132B89F2E20785E00001E69 /* Memory */ = {isa = PBXFileSystemSynchronizedRootGroup; explicitFileTypes = {}; explicitFolders = (); path = Memory; sourceTree = "<group>"; };
		71E7CD7F2DFC85C90075C883 /* RecipeMemoryStore */ = {isa = PBXFileSystemSynchronizedRootGroup; explicitFileTypes = {}; explicitFolders = (); path = RecipeMemoryStore; sourceTree = "<group>"; };
		71E7CD822DFC86D80075C883 /* Recipes */ = {isa = PBXFileSystemSynchronizedRootGroup; explicitFileTypes = {}; explicitFolders = (); path = Recipes; sourceTree = "<group>"; };
/* End PBXFileSystemSynchronizedRootGroup section */

/* Begin PBXFrameworksBuildPhase section */
		71D5EE022B8D407D004DE667 /* Frameworks */ = {
			isa = PBXFrameworksBuildPhase;
			buildActionMask = 2147483647;
			files = (
				71E7CD2D2DE7AFD20075C883 /* ModularUILibrary in Frameworks */,
			);
			runOnlyForDeploymentPostprocessing = 0;
		};
/* End PBXFrameworksBuildPhase section */

/* Begin PBXGroup section */
		7178C86C2E0C5AE5005C4571 /* Fonts */ = {
			isa = PBXGroup;
			children = (
				7178C87E2E0C5AF3005C4571 /* RobotoMono-Italic-VariableFont_wght.ttf */,
				7178C87F2E0C5AF3005C4571 /* RobotoMono-VariableFont_wght.ttf */,
			);
			path = Fonts;
			sourceTree = "<group>";
		};
		71D5EDFC2B8D407C004DE667 = {
			isa = PBXGroup;
			children = (
				71D5EE072B8D407D004DE667 /* UIDemo */,
				71D5EE062B8D407D004DE667 /* Products */,
			);
			sourceTree = "<group>";
		};
		71D5EE062B8D407D004DE667 /* Products */ = {
			isa = PBXGroup;
			children = (
				71D5EE052B8D407D004DE667 /* UIDemo.app */,
			);
			name = Products;
			sourceTree = "<group>";
		};
		71D5EE072B8D407D004DE667 /* UIDemo */ = {
			isa = PBXGroup;
			children = (
				7132B89F2E20785E00001E69 /* Memory */,
				71E7CD822DFC86D80075C883 /* Recipes */,
				71E7CD7F2DFC85C90075C883 /* RecipeMemoryStore */,
				71E7CD7B2DFBA5C00075C883 /* CustomErrors.swift */,
				71E7CD792DFBA5740075C883 /* Modifiers.swift */,
				71E7CD3D2DEA70EB0075C883 /* NetworkService.swift */,
				71E7CD322DEA16A50075C883 /* Resources */,
				71E7CD302DEA15CC0075C883 /* Constants.swift */,
				71E7CD2E2DEA13C10075C883 /* LandingView.swift */,
				71D5EE082B8D407D004DE667 /* UIDemoApp.swift */,
				71D5EE0A2B8D407D004DE667 /* ContentView.swift */,
				71D5EE0C2B8D4081004DE667 /* Assets.xcassets */,
				71D5EE0E2B8D4081004DE667 /* Preview Content */,
				7178C8932E0C5F80005C4571 /* Info.plist */,
			);
			path = UIDemo;
			sourceTree = "<group>";
		};
		71D5EE0E2B8D4081004DE667 /* Preview Content */ = {
			isa = PBXGroup;
			children = (
				71D5EE0F2B8D4081004DE667 /* Preview Assets.xcassets */,
			);
			path = "Preview Content";
			sourceTree = "<group>";
		};
		71E7CD322DEA16A50075C883 /* Resources */ = {
			isa = PBXGroup;
			children = (
				7178C86C2E0C5AE5005C4571 /* Fonts */,
				71E7CD372DEA17060075C883 /* recipesMalformed.json */,
				71E7CD352DEA16EC0075C883 /* recipesEmpty.json */,
				71E7CD332DEA16C90075C883 /* recipesGood.json */,
			);
			path = Resources;
			sourceTree = "<group>";
		};
/* End PBXGroup section */

/* Begin PBXNativeTarget section */
		71D5EE042B8D407D004DE667 /* UIDemo */ = {
			isa = PBXNativeTarget;
			buildConfigurationList = 71D5EE132B8D4081004DE667 /* Build configuration list for PBXNativeTarget "UIDemo" */;
			buildPhases = (
				71D5EE012B8D407D004DE667 /* Sources */,
				71D5EE022B8D407D004DE667 /* Frameworks */,
				71D5EE032B8D407D004DE667 /* Resources */,
			);
			buildRules = (
			);
			dependencies = (
			);
			fileSystemSynchronizedGroups = (
				7132B89F2E20785E00001E69 /* Memory */,
				71E7CD7F2DFC85C90075C883 /* RecipeMemoryStore */,
				71E7CD822DFC86D80075C883 /* Recipes */,
			);
			name = UIDemo;
			packageProductDependencies = (
				71E7CD2C2DE7AFD20075C883 /* ModularUILibrary */,
			);
			productName = UIDemo;
			productReference = 71D5EE052B8D407D004DE667 /* UIDemo.app */;
			productType = "com.apple.product-type.application";
		};
/* End PBXNativeTarget section */

/* Begin PBXProject section */
		71D5EDFD2B8D407C004DE667 /* Project object */ = {
			isa = PBXProject;
			attributes = {
				BuildIndependentTargetsInParallel = 1;
				LastSwiftUpdateCheck = 1520;
				LastUpgradeCheck = 1520;
				TargetAttributes = {
					71D5EE042B8D407D004DE667 = {
						CreatedOnToolsVersion = 15.2;
					};
				};
			};
			buildConfigurationList = 71D5EE002B8D407C004DE667 /* Build configuration list for PBXProject "UIDemo" */;
			compatibilityVersion = "Xcode 14.0";
			developmentRegion = en;
			hasScannedForEncodings = 0;
			knownRegions = (
				en,
				Base,
			);
			mainGroup = 71D5EDFC2B8D407C004DE667;
			packageReferences = (
				71E7CD2B2DE7AFD20075C883 /* XCLocalSwiftPackageReference "../ModularUILibrary" */,
			);
			productRefGroup = 71D5EE062B8D407D004DE667 /* Products */;
			projectDirPath = "";
			projectRoot = "";
			targets = (
				71D5EE042B8D407D004DE667 /* UIDemo */,
			);
		};
/* End PBXProject section */

/* Begin PBXResourcesBuildPhase section */
		71D5EE032B8D407D004DE667 /* Resources */ = {
			isa = PBXResourcesBuildPhase;
			buildActionMask = 2147483647;
			files = (
				71E7CD382DEA17060075C883 /* recipesMalformed.json in Resources */,
				71D5EE102B8D4081004DE667 /* Preview Assets.xcassets in Resources */,
				7178C8812E0C5AF3005C4571 /* RobotoMono-VariableFont_wght.ttf in Resources */,
				7178C8902E0C5AF3005C4571 /* RobotoMono-Italic-VariableFont_wght.ttf in Resources */,
				71D5EE0D2B8D4081004DE667 /* Assets.xcassets in Resources */,
				71E7CD362DEA16EC0075C883 /* recipesEmpty.json in Resources */,
				71E7CD342DEA16C90075C883 /* recipesGood.json in Resources */,
			);
			runOnlyForDeploymentPostprocessing = 0;
		};
/* End PBXResourcesBuildPhase section */

/* Begin PBXSourcesBuildPhase section */
		71D5EE012B8D407D004DE667 /* Sources */ = {
			isa = PBXSourcesBuildPhase;
			buildActionMask = 2147483647;
			files = (
				71E7CD2F2DEA13C10075C883 /* LandingView.swift in Sources */,
				71E7CD7C2DFBA5C00075C883 /* CustomErrors.swift in Sources */,
				71D5EE0B2B8D407D004DE667 /* ContentView.swift in Sources */,
				71E7CD3E2DEA70EB0075C883 /* NetworkService.swift in Sources */,
				71D5EE092B8D407D004DE667 /* UIDemoApp.swift in Sources */,
				71E7CD312DEA15CC0075C883 /* Constants.swift in Sources */,
				71E7CD7A2DFBA5740075C883 /* Modifiers.swift in Sources */,
			);
			runOnlyForDeploymentPostprocessing = 0;
		};
/* End PBXSourcesBuildPhase section */

/* Begin XCBuildConfiguration section */
		71D5EE112B8D4081004DE667 /* Debug */ = {
			isa = XCBuildConfiguration;
			buildSettings = {
				ALWAYS_SEARCH_USER_PATHS = NO;
				ASSETCATALOG_COMPILER_GENERATE_SWIFT_ASSET_SYMBOL_EXTENSIONS = YES;
				CLANG_ANALYZER_NONNULL = YES;
				CLANG_ANALYZER_NUMBER_OBJECT_CONVERSION = YES_AGGRESSIVE;
				CLANG_CXX_LANGUAGE_STANDARD = "gnu++20";
				CLANG_ENABLE_MODULES = YES;
				CLANG_ENABLE_OBJC_ARC = YES;
				CLANG_ENABLE_OBJC_WEAK = YES;
				CLANG_WARN_BLOCK_CAPTURE_AUTORELEASING = YES;
				CLANG_WARN_BOOL_CONVERSION = YES;
				CLANG_WARN_COMMA = YES;
				CLANG_WARN_CONSTANT_CONVERSION = YES;
				CLANG_WARN_DEPRECATED_OBJC_IMPLEMENTATIONS = YES;
				CLANG_WARN_DIRECT_OBJC_ISA_USAGE = YES_ERROR;
				CLANG_WARN_DOCUMENTATION_COMMENTS = YES;
				CLANG_WARN_EMPTY_BODY = YES;
				CLANG_WARN_ENUM_CONVERSION = YES;
				CLANG_WARN_INFINITE_RECURSION = YES;
				CLANG_WARN_INT_CONVERSION = YES;
				CLANG_WARN_NON_LITERAL_NULL_CONVERSION = YES;
				CLANG_WARN_OBJC_IMPLICIT_RETAIN_SELF = YES;
				CLANG_WARN_OBJC_LITERAL_CONVERSION = YES;
				CLANG_WARN_OBJC_ROOT_CLASS = YES_ERROR;
				CLANG_WARN_QUOTED_INCLUDE_IN_FRAMEWORK_HEADER = YES;
				CLANG_WARN_RANGE_LOOP_ANALYSIS = YES;
				CLANG_WARN_STRICT_PROTOTYPES = YES;
				CLANG_WARN_SUSPICIOUS_MOVE = YES;
				CLANG_WARN_UNGUARDED_AVAILABILITY = YES_AGGRESSIVE;
				CLANG_WARN_UNREACHABLE_CODE = YES;
				CLANG_WARN__DUPLICATE_METHOD_MATCH = YES;
				COPY_PHASE_STRIP = NO;
				DEBUG_INFORMATION_FORMAT = dwarf;
				ENABLE_STRICT_OBJC_MSGSEND = YES;
				ENABLE_TESTABILITY = YES;
				ENABLE_USER_SCRIPT_SANDBOXING = YES;
				GCC_C_LANGUAGE_STANDARD = gnu17;
				GCC_DYNAMIC_NO_PIC = NO;
				GCC_NO_COMMON_BLOCKS = YES;
				GCC_OPTIMIZATION_LEVEL = 0;
				GCC_PREPROCESSOR_DEFINITIONS = (
					"DEBUG=1",
					"$(inherited)",
				);
				GCC_WARN_64_TO_32_BIT_CONVERSION = YES;
				GCC_WARN_ABOUT_RETURN_TYPE = YES_ERROR;
				GCC_WARN_UNDECLARED_SELECTOR = YES;
				GCC_WARN_UNINITIALIZED_AUTOS = YES_AGGRESSIVE;
				GCC_WARN_UNUSED_FUNCTION = YES;
				GCC_WARN_UNUSED_VARIABLE = YES;
				GENERATE_INFOPLIST_FILE = NO;
				INFOPLIST_FILE = "";
				IPHONEOS_DEPLOYMENT_TARGET = 16.6;
				LOCALIZATION_PREFERS_STRING_CATALOGS = YES;
				MTL_ENABLE_DEBUG_INFO = INCLUDE_SOURCE;
				MTL_FAST_MATH = YES;
				ONLY_ACTIVE_ARCH = YES;
				SDKROOT = iphoneos;
				SWIFT_ACTIVE_COMPILATION_CONDITIONS = "DEBUG $(inherited)";
				SWIFT_OPTIMIZATION_LEVEL = "-Onone";
			};
			name = Debug;
		};
		71D5EE122B8D4081004DE667 /* Release */ = {
			isa = XCBuildConfiguration;
			buildSettings = {
				ALWAYS_SEARCH_USER_PATHS = NO;
				ASSETCATALOG_COMPILER_GENERATE_SWIFT_ASSET_SYMBOL_EXTENSIONS = YES;
				CLANG_ANALYZER_NONNULL = YES;
				CLANG_ANALYZER_NUMBER_OBJECT_CONVERSION = YES_AGGRESSIVE;
				CLANG_CXX_LANGUAGE_STANDARD = "gnu++20";
				CLANG_ENABLE_MODULES = YES;
				CLANG_ENABLE_OBJC_ARC = YES;
				CLANG_ENABLE_OBJC_WEAK = YES;
				CLANG_WARN_BLOCK_CAPTURE_AUTORELEASING = YES;
				CLANG_WARN_BOOL_CONVERSION = YES;
				CLANG_WARN_COMMA = YES;
				CLANG_WARN_CONSTANT_CONVERSION = YES;
				CLANG_WARN_DEPRECATED_OBJC_IMPLEMENTATIONS = YES;
				CLANG_WARN_DIRECT_OBJC_ISA_USAGE = YES_ERROR;
				CLANG_WARN_DOCUMENTATION_COMMENTS = YES;
				CLANG_WARN_EMPTY_BODY = YES;
				CLANG_WARN_ENUM_CONVERSION = YES;
				CLANG_WARN_INFINITE_RECURSION = YES;
				CLANG_WARN_INT_CONVERSION = YES;
				CLANG_WARN_NON_LITERAL_NULL_CONVERSION = YES;
				CLANG_WARN_OBJC_IMPLICIT_RETAIN_SELF = YES;
				CLANG_WARN_OBJC_LITERAL_CONVERSION = YES;
				CLANG_WARN_OBJC_ROOT_CLASS = YES_ERROR;
				CLANG_WARN_QUOTED_INCLUDE_IN_FRAMEWORK_HEADER = YES;
				CLANG_WARN_RANGE_LOOP_ANALYSIS = YES;
				CLANG_WARN_STRICT_PROTOTYPES = YES;
				CLANG_WARN_SUSPICIOUS_MOVE = YES;
				CLANG_WARN_UNGUARDED_AVAILABILITY = YES_AGGRESSIVE;
				CLANG_WARN_UNREACHABLE_CODE = YES;
				CLANG_WARN__DUPLICATE_METHOD_MATCH = YES;
				COPY_PHASE_STRIP = NO;
				DEBUG_INFORMATION_FORMAT = "dwarf-with-dsym";
				ENABLE_NS_ASSERTIONS = NO;
				ENABLE_STRICT_OBJC_MSGSEND = YES;
				ENABLE_USER_SCRIPT_SANDBOXING = YES;
				GCC_C_LANGUAGE_STANDARD = gnu17;
				GCC_NO_COMMON_BLOCKS = YES;
				GCC_WARN_64_TO_32_BIT_CONVERSION = YES;
				GCC_WARN_ABOUT_RETURN_TYPE = YES_ERROR;
				GCC_WARN_UNDECLARED_SELECTOR = YES;
				GCC_WARN_UNINITIALIZED_AUTOS = YES_AGGRESSIVE;
				GCC_WARN_UNUSED_FUNCTION = YES;
				GCC_WARN_UNUSED_VARIABLE = YES;
				GENERATE_INFOPLIST_FILE = NO;
				INFOPLIST_FILE = "";
				IPHONEOS_DEPLOYMENT_TARGET = 16.6;
				LOCALIZATION_PREFERS_STRING_CATALOGS = YES;
				MTL_ENABLE_DEBUG_INFO = NO;
				MTL_FAST_MATH = YES;
				SDKROOT = iphoneos;
				SWIFT_COMPILATION_MODE = wholemodule;
				VALIDATE_PRODUCT = YES;
			};
			name = Release;
		};
		71D5EE142B8D4081004DE667 /* Debug */ = {
			isa = XCBuildConfiguration;
			buildSettings = {
				ASSETCATALOG_COMPILER_APPICON_NAME = AppIcon;
				ASSETCATALOG_COMPILER_GLOBAL_ACCENT_COLOR_NAME = AccentColor;
				CODE_SIGN_STYLE = Automatic;
				CURRENT_PROJECT_VERSION = 1;
				DEVELOPMENT_ASSET_PATHS = "\"UIDemo/Preview Content\"";
				DEVELOPMENT_TEAM = 624LT4VXCT;
				ENABLE_PREVIEWS = YES;
				GENERATE_INFOPLIST_FILE = NO;
				INFOPLIST_FILE = "$(SRCROOT)/UIDemo/Info.plist";
				INFOPLIST_KEY_UIApplicationSceneManifest_Generation = YES;
				INFOPLIST_KEY_UIApplicationSupportsIndirectInputEvents = YES;
				INFOPLIST_KEY_UILaunchScreen_Generation = YES;
				INFOPLIST_KEY_UISupportedInterfaceOrientations_iPad = "UIInterfaceOrientationPortrait UIInterfaceOrientationPortraitUpsideDown UIInterfaceOrientationLandscapeLeft UIInterfaceOrientationLandscapeRight";
				INFOPLIST_KEY_UISupportedInterfaceOrientations_iPhone = "UIInterfaceOrientationPortrait UIInterfaceOrientationLandscapeLeft UIInterfaceOrientationLandscapeRight";
				IPHONEOS_DEPLOYMENT_TARGET = 16.6;
				LD_RUNPATH_SEARCH_PATHS = (
					"$(inherited)",
					"@executable_path/Frameworks",
				);
				MARKETING_VERSION = 1.0;
				PRODUCT_BUNDLE_IDENTIFIER = com.uilibraryquickdemo.UIDemo;
				PRODUCT_NAME = "$(TARGET_NAME)";
				SWIFT_EMIT_LOC_STRINGS = YES;
				SWIFT_VERSION = 5.0;
				TARGETED_DEVICE_FAMILY = "1,2";
			};
			name = Debug;
		};
		71D5EE152B8D4081004DE667 /* Release */ = {
			isa = XCBuildConfiguration;
			buildSettings = {
				ASSETCATALOG_COMPILER_APPICON_NAME = AppIcon;
				ASSETCATALOG_COMPILER_GLOBAL_ACCENT_COLOR_NAME = AccentColor;
				CODE_SIGN_STYLE = Automatic;
				CURRENT_PROJECT_VERSION = 1;
				DEVELOPMENT_ASSET_PATHS = "\"UIDemo/Preview Content\"";
				DEVELOPMENT_TEAM = 624LT4VXCT;
				ENABLE_PREVIEWS = YES;
				GENERATE_INFOPLIST_FILE = NO;
				INFOPLIST_FILE = "$(SRCROOT)/UIDemo/Info.plist";
				INFOPLIST_KEY_UIApplicationSceneManifest_Generation = YES;
				INFOPLIST_KEY_UIApplicationSupportsIndirectInputEvents = YES;
				INFOPLIST_KEY_UILaunchScreen_Generation = YES;
				INFOPLIST_KEY_UISupportedInterfaceOrientations_iPad = "UIInterfaceOrientationPortrait UIInterfaceOrientationPortraitUpsideDown UIInterfaceOrientationLandscapeLeft UIInterfaceOrientationLandscapeRight";
				INFOPLIST_KEY_UISupportedInterfaceOrientations_iPhone = "UIInterfaceOrientationPortrait UIInterfaceOrientationLandscapeLeft UIInterfaceOrientationLandscapeRight";
				IPHONEOS_DEPLOYMENT_TARGET = 16.6;
				LD_RUNPATH_SEARCH_PATHS = (
					"$(inherited)",
					"@executable_path/Frameworks",
				);
				MARKETING_VERSION = 1.0;
				PRODUCT_BUNDLE_IDENTIFIER = com.uilibraryquickdemo.UIDemo;
				PRODUCT_NAME = "$(TARGET_NAME)";
				SWIFT_EMIT_LOC_STRINGS = YES;
				SWIFT_VERSION = 5.0;
				TARGETED_DEVICE_FAMILY = "1,2";
			};
			name = Release;
		};
/* End XCBuildConfiguration section */

/* Begin XCConfigurationList section */
		71D5EE002B8D407C004DE667 /* Build configuration list for PBXProject "UIDemo" */ = {
			isa = XCConfigurationList;
			buildConfigurations = (
				71D5EE112B8D4081004DE667 /* Debug */,
				71D5EE122B8D4081004DE667 /* Release */,
			);
			defaultConfigurationIsVisible = 0;
			defaultConfigurationName = Release;
		};
		71D5EE132B8D4081004DE667 /* Build configuration list for PBXNativeTarget "UIDemo" */ = {
			isa = XCConfigurationList;
			buildConfigurations = (
				71D5EE142B8D4081004DE667 /* Debug */,
				71D5EE152B8D4081004DE667 /* Release */,
			);
			defaultConfigurationIsVisible = 0;
			defaultConfigurationName = Release;
		};
/* End XCConfigurationList section */

/* Begin XCLocalSwiftPackageReference section */
		71E7CD2B2DE7AFD20075C883 /* XCLocalSwiftPackageReference "../ModularUILibrary" */ = {
			isa = XCLocalSwiftPackageReference;
			relativePath = ../ModularUILibrary;
		};
/* End XCLocalSwiftPackageReference section */

/* Begin XCSwiftPackageProductDependency section */
		71E7CD2C2DE7AFD20075C883 /* ModularUILibrary */ = {
			isa = XCSwiftPackageProductDependency;
			productName = ModularUILibrary;
		};
/* End XCSwiftPackageProductDependency section */
	};
	rootObject = 71D5EDFD2B8D407C004DE667 /* Project object */;
}
